
Microsoft Visual Studio Solution File, Format Version 12.00
# Visual Studio Version 16
VisualStudioVersion = 16.0.30503.244
MinimumVisualStudioVersion = 10.0.40219.1
Project("{FAE04EC0-301F-11D3-BF4B-00C04F79EFBC}") = "project", "project\project.csproj", "{B4FF9E1D-5D53-42E7-A969-11961013521E}"
EndProject
Global
	GlobalSection(SolutionConfigurationPlatforms) = preSolution
		Debug|Any CPU = Debug|Any CPU
		Release|Any CPU = Release|Any CPU
	EndGlobalSection
	GlobalSection(ProjectConfigurationPlatforms) = postSolution
		{B4FF9E1D-5D53-42E7-A969-11961013521E}.Debug|Any CPU.ActiveCfg = Debug|Any CPU
		{B4FF9E1D-5D53-42E7-A969-11961013521E}.Debug|Any CPU.Build.0 = Debug|Any CPU
		{B4FF9E1D-5D53-42E7-A969-11961013521E}.Release|Any CPU.ActiveCfg = Release|Any CPU
		{B4FF9E1D-5D53-42E7-A969-11961013521E}.Release|Any CPU.Build.0 = Release|Any CPU
	EndGlobalSection
	GlobalSection(SolutionProperties) = preSolution
		HideSolutionNode = FALSE
	EndGlobalSection
	GlobalSection(ExtensibilityGlobals) = postSolution
		SolutionGuid = {A3F51F85-87F3-4D64-A432-D2F73488DED5}
	EndGlobalSection
EndGlobal
